
Microsoft Visual Studio Solution File, Format Version 12.00
# Visual Studio Version 16
VisualStudioVersion = 16.0.30907.101
MinimumVisualStudioVersion = 10.0.40219.1
Project("{9A19103F-16F7-4668-BE54-9A1E7A4F7556}") = "AccountManagementApp2", "AccountManagementApp2.csproj", "{37C71624-D6B9-44E1-BA5A-8E21C5070533}"
EndProject
Project("{2150E333-8FDC-42A3-9474-1A3956D46DE8}") = "Core", "Core", "{69EC5202-3C51-4F02-8AA5-1830B84CD9E0}"
EndProject
Project("{2150E333-8FDC-42A3-9474-1A3956D46DE8}") = "AccountManagementApp2Services", "AccountManagementApp2Services", "{C0AA3207-6B06-459A-8F5D-D84F202D3F93}"
EndProject
Global
	GlobalSection(SolutionConfigurationPlatforms) = preSolution
		Debug|Any CPU = Debug|Any CPU
		Release|Any CPU = Release|Any CPU
	EndGlobalSection
	GlobalSection(ProjectConfigurationPlatforms) = postSolution
		{37C71624-D6B9-44E1-BA5A-8E21C5070533}.Debug|Any CPU.ActiveCfg = Debug|Any CPU
		{37C71624-D6B9-44E1-BA5A-8E21C5070533}.Debug|Any CPU.Build.0 = Debug|Any CPU
		{37C71624-D6B9-44E1-BA5A-8E21C5070533}.Release|Any CPU.ActiveCfg = Release|Any CPU
		{37C71624-D6B9-44E1-BA5A-8E21C5070533}.Release|Any CPU.Build.0 = Release|Any CPU
	EndGlobalSection
	GlobalSection(SolutionProperties) = preSolution
		HideSolutionNode = FALSE
	EndGlobalSection
	GlobalSection(ExtensibilityGlobals) = postSolution
		SolutionGuid = {E46689C1-726A-4B75-9FD3-B22383C8C9E9}
	EndGlobalSection
EndGlobal
